
Microsoft Visual Studio Solution File, Format Version 12.00
# Visual Studio Version 17
VisualStudioVersion = 17.10.35122.118
MinimumVisualStudioVersion = 10.0.40219.1
Project("{8BC9CEB8-8B4A-11D0-8D11-00A0C91BC942}") = "MathLib", "MathLib\MathLib.vcxproj", "{206C7B45-958C-4399-AABC-D90170FFFAE9}"
EndProject
Project("{8BC9CEB8-8B4A-11D0-8D11-00A0C91BC942}") = "UnitTest", "UnitTest\UnitTest.vcxproj", "{25110074-DA91-4F3F-B604-ED9AE77CB7DC}"
EndProject
Project("{8BC9CEB8-8B4A-11D0-8D11-00A0C91BC942}") = "Euler", "Euler\Euler.vcxproj", "{1EFBAB6E-A437-424B-B4E8-11C2FB309F1A}"
EndProject
Global
	GlobalSection(SolutionConfigurationPlatforms) = preSolution
		Debug|x64 = Debug|x64
		Debug|x86 = Debug|x86
		Release|x64 = Release|x64
		Release|x86 = Release|x86
	EndGlobalSection
	GlobalSection(ProjectConfigurationPlatforms) = postSolution
		{206C7B45-958C-4399-AABC-D90170FFFAE9}.Debug|x64.ActiveCfg = Debug|x64
		{206C7B45-958C-4399-AABC-D90170FFFAE9}.Debug|x64.Build.0 = Debug|x64
		{206C7B45-958C-4399-AABC-D90170FFFAE9}.Debug|x86.ActiveCfg = Debug|Win32
		{206C7B45-958C-4399-AABC-D90170FFFAE9}.Debug|x86.Build.0 = Debug|Win32
		{206C7B45-958C-4399-AABC-D90170FFFAE9}.Release|x64.ActiveCfg = Release|x64
		{206C7B45-958C-4399-AABC-D90170FFFAE9}.Release|x64.Build.0 = Release|x64
		{206C7B45-958C-4399-AABC-D90170FFFAE9}.Release|x86.ActiveCfg = Release|Win32
		{206C7B45-958C-4399-AABC-D90170FFFAE9}.Release|x86.Build.0 = Release|Win32
		{25110074-DA91-4F3F-B604-ED9AE77CB7DC}.Debug|x64.ActiveCfg = Debug|x64
		{25110074-DA91-4F3F-B604-ED9AE77CB7DC}.Debug|x64.Build.0 = Debug|x64
		{25110074-DA91-4F3F-B604-ED9AE77CB7DC}.Debug|x86.ActiveCfg = Debug|Win32
		{25110074-DA91-4F3F-B604-ED9AE77CB7DC}.Debug|x86.Build.0 = Debug|Win32
		{25110074-DA91-4F3F-B604-ED9AE77CB7DC}.Release|x64.ActiveCfg = Release|x64
		{25110074-DA91-4F3F-B604-ED9AE77CB7DC}.Release|x64.Build.0 = Release|x64
		{25110074-DA91-4F3F-B604-ED9AE77CB7DC}.Release|x86.ActiveCfg = Release|Win32
		{25110074-DA91-4F3F-B604-ED9AE77CB7DC}.Release|x86.Build.0 = Release|Win32
		{1EFBAB6E-A437-424B-B4E8-11C2FB309F1A}.Debug|x64.ActiveCfg = Debug|x64
		{1EFBAB6E-A437-424B-B4E8-11C2FB309F1A}.Debug|x64.Build.0 = Debug|x64
		{1EFBAB6E-A437-424B-B4E8-11C2FB309F1A}.Debug|x86.ActiveCfg = Debug|Win32
		{1EFBAB6E-A437-424B-B4E8-11C2FB309F1A}.Debug|x86.Build.0 = Debug|Win32
		{1EFBAB6E-A437-424B-B4E8-11C2FB309F1A}.Release|x64.ActiveCfg = Release|x64
		{1EFBAB6E-A437-424B-B4E8-11C2FB309F1A}.Release|x64.Build.0 = Release|x64
		{1EFBAB6E-A437-424B-B4E8-11C2FB309F1A}.Release|x86.ActiveCfg = Release|Win32
		{1EFBAB6E-A437-424B-B4E8-11C2FB309F1A}.Release|x86.Build.0 = Release|Win32
	EndGlobalSection
	GlobalSection(SolutionProperties) = preSolution
		HideSolutionNode = FALSE
	EndGlobalSection
	GlobalSection(ExtensibilityGlobals) = postSolution
		SolutionGuid = {8C7337EE-160B-4687-8161-E672D6E92273}
	EndGlobalSection
EndGlobal
